
Microsoft Visual Studio Solution File, Format Version 12.00
# Visual Studio Version 16
VisualStudioVersion = 16.0.31205.134
MinimumVisualStudioVersion = 10.0.40219.1
Project("{FAE04EC0-301F-11D3-BF4B-00C04F79EFBC}") = "NeuralNetwork", "NeuralNetwork\NeuralNetwork.csproj", "{9AC8EAD5-F8BE-48EA-9FE3-72493E7E0672}"
EndProject
Project("{FAE04EC0-301F-11D3-BF4B-00C04F79EFBC}") = "NeuralNetworkTests", "NeuralNetworkTests\NeuralNetworkTests.csproj", "{ACF576CD-C192-4205-B8DB-064E554A756A}"
EndProject
Global
	GlobalSection(SolutionConfigurationPlatforms) = preSolution
		Debug|Any CPU = Debug|Any CPU
		Release|Any CPU = Release|Any CPU
	EndGlobalSection
	GlobalSection(ProjectConfigurationPlatforms) = postSolution
		{9AC8EAD5-F8BE-48EA-9FE3-72493E7E0672}.Debug|Any CPU.ActiveCfg = Debug|Any CPU
		{9AC8EAD5-F8BE-48EA-9FE3-72493E7E0672}.Debug|Any CPU.Build.0 = Debug|Any CPU
		{9AC8EAD5-F8BE-48EA-9FE3-72493E7E0672}.Release|Any CPU.ActiveCfg = Release|Any CPU
		{9AC8EAD5-F8BE-48EA-9FE3-72493E7E0672}.Release|Any CPU.Build.0 = Release|Any CPU
		{ACF576CD-C192-4205-B8DB-064E554A756A}.Debug|Any CPU.ActiveCfg = Debug|Any CPU
		{ACF576CD-C192-4205-B8DB-064E554A756A}.Debug|Any CPU.Build.0 = Debug|Any CPU
		{ACF576CD-C192-4205-B8DB-064E554A756A}.Release|Any CPU.ActiveCfg = Release|Any CPU
		{ACF576CD-C192-4205-B8DB-064E554A756A}.Release|Any CPU.Build.0 = Release|Any CPU
	EndGlobalSection
	GlobalSection(SolutionProperties) = preSolution
		HideSolutionNode = FALSE
	EndGlobalSection
	GlobalSection(ExtensibilityGlobals) = postSolution
		SolutionGuid = {85FEF080-7AF3-456E-9D82-EDF2298766DF}
	EndGlobalSection
EndGlobal
